// !$*UTF8*$!
{
	archiveVersion = 1;
	classes = {
	};
	objectVersion = 56;
	objects = {

/* Begin PBXBuildFile section */
		C394ABC4291EA4DF00A16BB6 /* AppDelegate.swift in Sources */ = {isa = PBXBuildFile; fileRef = C394ABC3291EA4DF00A16BB6 /* AppDelegate.swift */; };
		C394ABC6291EA4DF00A16BB6 /* SceneDelegate.swift in Sources */ = {isa = PBXBuildFile; fileRef = C394ABC5291EA4DF00A16BB6 /* SceneDelegate.swift */; };
		C394ABC8291EA4DF00A16BB6 /* ViewController.swift in Sources */ = {isa = PBXBuildFile; fileRef = C394ABC7291EA4DF00A16BB6 /* ViewController.swift */; };
		C394ABCB291EA4DF00A16BB6 /* Main.storyboard in Resources */ = {isa = PBXBuildFile; fileRef = C394ABC9291EA4DF00A16BB6 /* Main.storyboard */; };
		C394ABCD291EA4E000A16BB6 /* Assets.xcassets in Resources */ = {isa = PBXBuildFile; fileRef = C394ABCC291EA4E000A16BB6 /* Assets.xcassets */; };
		C394ABD0291EA4E000A16BB6 /* LaunchScreen.storyboard in Resources */ = {isa = PBXBuildFile; fileRef = C394ABCE291EA4E000A16BB6 /* LaunchScreen.storyboard */; };
		C394ABDB291EA4E000A16BB6 /* ElementQuizTests.swift in Sources */ = {isa = PBXBuildFile; fileRef = C394ABDA291EA4E000A16BB6 /* ElementQuizTests.swift */; };
		C394ABE5291EA4E000A16BB6 /* ElementQuizUITests.swift in Sources */ = {isa = PBXBuildFile; fileRef = C394ABE4291EA4E000A16BB6 /* ElementQuizUITests.swift */; };
		C394ABE7291EA4E000A16BB6 /* ElementQuizUITestsLaunchTests.swift in Sources */ = {isa = PBXBuildFile; fileRef = C394ABE6291EA4E000A16BB6 /* ElementQuizUITestsLaunchTests.swift */; };
/* End PBXBuildFile section */

/* Begin PBXContainerItemProxy section */
		C394ABD7291EA4E000A16BB6 /* PBXContainerItemProxy */ = {
			isa = PBXContainerItemProxy;
			containerPortal = C394ABB8291EA4DF00A16BB6 /* Project object */;
			proxyType = 1;
			remoteGlobalIDString = C394ABBF291EA4DF00A16BB6;
			remoteInfo = ElementQuiz;
		};
		C394ABE1291EA4E000A16BB6 /* PBXContainerItemProxy */ = {
			isa = PBXContainerItemProxy;
			containerPortal = C394ABB8291EA4DF00A16BB6 /* Project object */;
			proxyType = 1;
			remoteGlobalIDString = C394ABBF291EA4DF00A16BB6;
			remoteInfo = ElementQuiz;
		};
/* End PBXContainerItemProxy section */

/* Begin PBXFileReference section */
		C394ABC0291EA4DF00A16BB6 /* ElementQuiz.app */ = {isa = PBXFileReference; explicitFileType = wrapper.application; includeInIndex = 0; path = ElementQuiz.app; sourceTree = BUILT_PRODUCTS_DIR; };
		C394ABC3291EA4DF00A16BB6 /* AppDelegate.swift */ = {isa = PBXFileReference; lastKnownFileType = sourcecode.swift; path = AppDelegate.swift; sourceTree = "<group>"; };
		C394ABC5291EA4DF00A16BB6 /* SceneDelegate.swift */ = {isa = PBXFileReference; lastKnownFileType = sourcecode.swift; path = SceneDelegate.swift; sourceTree = "<group>"; };
		C394ABC7291EA4DF00A16BB6 /* ViewController.swift */ = {isa = PBXFileReference; lastKnownFileType = sourcecode.swift; path = ViewController.swift; sourceTree = "<group>"; };
		C394ABCA291EA4DF00A16BB6 /* Base */ = {isa = PBXFileReference; lastKnownFileType = file.storyboard; name = Base; path = Base.lproj/Main.storyboard; sourceTree = "<group>"; };
		C394ABCC291EA4E000A16BB6 /* Assets.xcassets */ = {isa = PBXFileReference; lastKnownFileType = folder.assetcatalog; path = Assets.xcassets; sourceTree = "<group>"; };
		C394ABCF291EA4E000A16BB6 /* Base */ = {isa = PBXFileReference; lastKnownFileType = file.storyboard; name = Base; path = Base.lproj/LaunchScreen.storyboard; sourceTree = "<group>"; };
		C394ABD1291EA4E000A16BB6 /* Info.plist */ = {isa = PBXFileReference; lastKnownFileType = text.plist.xml; path = Info.plist; sourceTree = "<group>"; };
		C394ABD6291EA4E000A16BB6 /* ElementQuizTests.xctest */ = {isa = PBXFileReference; explicitFileType = wrapper.cfbundle; includeInIndex = 0; path = ElementQuizTests.xctest; sourceTree = BUILT_PRODUCTS_DIR; };
		C394ABDA291EA4E000A16BB6 /* ElementQuizTests.swift */ = {isa = PBXFileReference; lastKnownFileType = sourcecode.swift; path = ElementQuizTests.swift; sourceTree = "<group>"; };
		C394ABE0291EA4E000A16BB6 /* ElementQuizUITests.xctest */ = {isa = PBXFileReference; explicitFileType = wrapper.cfbundle; includeInIndex = 0; path = ElementQuizUITests.xctest; sourceTree = BUILT_PRODUCTS_DIR; };
		C394ABE4291EA4E000A16BB6 /* ElementQuizUITests.swift */ = {isa = PBXFileReference; lastKnownFileType = sourcecode.swift; path = ElementQuizUITests.swift; sourceTree = "<group>"; };
		C394ABE6291EA4E000A16BB6 /* ElementQuizUITestsLaunchTests.swift */ = {isa = PBXFileReference; lastKnownFileType = sourcecode.swift; path = ElementQuizUITestsLaunchTests.swift; sourceTree = "<group>"; };
/* End PBXFileReference section */

/* Begin PBXFrameworksBuildPhase section */
		C394ABBD291EA4DF00A16BB6 /* Frameworks */ = {
			isa = PBXFrameworksBuildPhase;
			buildActionMask = 2147483647;
			files = (
			);
			runOnlyForDeploymentPostprocessing = 0;
		};
		C394ABD3291EA4E000A16BB6 /* Frameworks */ = {
			isa = PBXFrameworksBuildPhase;
			buildActionMask = 2147483647;
			files = (
			);
			runOnlyForDeploymentPostprocessing = 0;
		};
		C394ABDD291EA4E000A16BB6 /* Frameworks */ = {
			isa = PBXFrameworksBuildPhase;
			buildActionMask = 2147483647;
			files = (
			);
			runOnlyForDeploymentPostprocessing = 0;
		};
/* End PBXFrameworksBuildPhase section */

/* Begin PBXGroup section */
		C394ABB7291EA4DF00A16BB6 = {
			isa = PBXGroup;
			children = (
				C394ABC2291EA4DF00A16BB6 /* ElementQuiz */,
				C394ABD9291EA4E000A16BB6 /* ElementQuizTests */,
				C394ABE3291EA4E000A16BB6 /* ElementQuizUITests */,
				C394ABC1291EA4DF00A16BB6 /* Products */,
			);
			sourceTree = "<group>";
		};
		C394ABC1291EA4DF00A16BB6 /* Products */ = {
			isa = PBXGroup;
			children = (
				C394ABC0291EA4DF00A16BB6 /* ElementQuiz.app */,
				C394ABD6291EA4E000A16BB6 /* ElementQuizTests.xctest */,
				C394ABE0291EA4E000A16BB6 /* ElementQuizUITests.xctest */,
			);
			name = Products;
			sourceTree = "<group>";
		};
		C394ABC2291EA4DF00A16BB6 /* ElementQuiz */ = {
			isa = PBXGroup;
			children = (
				C394ABC3291EA4DF00A16BB6 /* AppDelegate.swift */,
				C394ABC5291EA4DF00A16BB6 /* SceneDelegate.swift */,
				C394ABC7291EA4DF00A16BB6 /* ViewController.swift */,
				C394ABC9291EA4DF00A16BB6 /* Main.storyboard */,
				C394ABCC291EA4E000A16BB6 /* Assets.xcassets */,
				C394ABCE291EA4E000A16BB6 /* LaunchScreen.storyboard */,
				C394ABD1291EA4E000A16BB6 /* Info.plist */,
			);
			path = ElementQuiz;
			sourceTree = "<group>";
		};
		C394ABD9291EA4E000A16BB6 /* ElementQuizTests */ = {
			isa = PBXGroup;
			children = (
				C394ABDA291EA4E000A16BB6 /* ElementQuizTests.swift */,
			);
			path = ElementQuizTests;
			sourceTree = "<group>";
		};
		C394ABE3291EA4E000A16BB6 /* ElementQuizUITests */ = {
			isa = PBXGroup;
			children = (
				C394ABE4291EA4E000A16BB6 /* ElementQuizUITests.swift */,
				C394ABE6291EA4E000A16BB6 /* ElementQuizUITestsLaunchTests.swift */,
			);
			path = ElementQuizUITests;
			sourceTree = "<group>";
		};
/* End PBXGroup section */

/* Begin PBXNativeTarget section */
		C394ABBF291EA4DF00A16BB6 /* ElementQuiz */ = {
			isa = PBXNativeTarget;
			buildConfigurationList = C394ABEA291EA4E000A16BB6 /* Build configuration list for PBXNativeTarget "ElementQuiz" */;
			buildPhases = (
				C394ABBC291EA4DF00A16BB6 /* Sources */,
				C394ABBD291EA4DF00A16BB6 /* Frameworks */,
				C394ABBE291EA4DF00A16BB6 /* Resources */,
			);
			buildRules = (
			);
			dependencies = (
			);
			name = ElementQuiz;
			productName = ElementQuiz;
			productReference = C394ABC0291EA4DF00A16BB6 /* ElementQuiz.app */;
			productType = "com.apple.product-type.application";
		};
		C394ABD5291EA4E000A16BB6 /* ElementQuizTests */ = {
			isa = PBXNativeTarget;
			buildConfigurationList = C394ABED291EA4E000A16BB6 /* Build configuration list for PBXNativeTarget "ElementQuizTests" */;
			buildPhases = (
				C394ABD2291EA4E000A16BB6 /* Sources */,
				C394ABD3291EA4E000A16BB6 /* Frameworks */,
				C394ABD4291EA4E000A16BB6 /* Resources */,
			);
			buildRules = (
			);
			dependencies = (
				C394ABD8291EA4E000A16BB6 /* PBXTargetDependency */,
			);
			name = ElementQuizTests;
			productName = ElementQuizTests;
			productReference = C394ABD6291EA4E000A16BB6 /* ElementQuizTests.xctest */;
			productType = "com.apple.product-type.bundle.unit-test";
		};
		C394ABDF291EA4E000A16BB6 /* ElementQuizUITests */ = {
			isa = PBXNativeTarget;
			buildConfigurationList = C394ABF0291EA4E000A16BB6 /* Build configuration list for PBXNativeTarget "ElementQuizUITests" */;
			buildPhases = (
				C394ABDC291EA4E000A16BB6 /* Sources */,
				C394ABDD291EA4E000A16BB6 /* Frameworks */,
				C394ABDE291EA4E000A16BB6 /* Resources */,
			);
			buildRules = (
			);
			dependencies = (
				C394ABE2291EA4E000A16BB6 /* PBXTargetDependency */,
			);
			name = ElementQuizUITests;
			productName = ElementQuizUITests;
			productReference = C394ABE0291EA4E000A16BB6 /* ElementQuizUITests.xctest */;
			productType = "com.apple.product-type.bundle.ui-testing";
		};
/* End PBXNativeTarget section */

/* Begin PBXProject section */
		C394ABB8291EA4DF00A16BB6 /* Project object */ = {
			isa = PBXProject;
			attributes = {
				BuildIndependentTargetsInParallel = 1;
				LastSwiftUpdateCheck = 1410;
				LastUpgradeCheck = 1410;
				TargetAttributes = {
					C394ABBF291EA4DF00A16BB6 = {
						CreatedOnToolsVersion = 14.1;
					};
					C394ABD5291EA4E000A16BB6 = {
						CreatedOnToolsVersion = 14.1;
						TestTargetID = C394ABBF291EA4DF00A16BB6;
					};
					C394ABDF291EA4E000A16BB6 = {
						CreatedOnToolsVersion = 14.1;
						TestTargetID = C394ABBF291EA4DF00A16BB6;
					};
				};
			};
			buildConfigurationList = C394ABBB291EA4DF00A16BB6 /* Build configuration list for PBXProject "ElementQuiz" */;
			compatibilityVersion = "Xcode 14.0";
			developmentRegion = en;
			hasScannedForEncodings = 0;
			knownRegions = (
				en,
				Base,
			);
			mainGroup = C394ABB7291EA4DF00A16BB6;
			productRefGroup = C394ABC1291EA4DF00A16BB6 /* Products */;
			projectDirPath = "";
			projectRoot = "";
			targets = (
				C394ABBF291EA4DF00A16BB6 /* ElementQuiz */,
				C394ABD5291EA4E000A16BB6 /* ElementQuizTests */,
				C394ABDF291EA4E000A16BB6 /* ElementQuizUITests */,
			);
		};
/* End PBXProject section */

/* Begin PBXResourcesBuildPhase section */
		C394ABBE291EA4DF00A16BB6 /* Resources */ = {
			isa = PBXResourcesBuildPhase;
			buildActionMask = 2147483647;
			files = (
				C394ABD0291EA4E000A16BB6 /* LaunchScreen.storyboard in Resources */,
				C394ABCD291EA4E000A16BB6 /* Assets.xcassets in Resources */,
				C394ABCB291EA4DF00A16BB6 /* Main.storyboard in Resources */,
			);
			runOnlyForDeploymentPostprocessing = 0;
		};
		C394ABD4291EA4E000A16BB6 /* Resources */ = {
			isa = PBXResourcesBuildPhase;
			buildActionMask = 2147483647;
			files = (
			);
			runOnlyForDeploymentPostprocessing = 0;
		};
		C394ABDE291EA4E000A16BB6 /* Resources */ = {
			isa = PBXResourcesBuildPhase;
			buildActionMask = 2147483647;
			files = (
			);
			runOnlyForDeploymentPostprocessing = 0;
		};
/* End PBXResourcesBuildPhase section */

/* Begin PBXSourcesBuildPhase section */
		C394ABBC291EA4DF00A16BB6 /* Sources */ = {
			isa = PBXSourcesBuildPhase;
			buildActionMask = 2147483647;
			files = (
				C394ABC8291EA4DF00A16BB6 /* ViewController.swift in Sources */,
				C394ABC4291EA4DF00A16BB6 /* AppDelegate.swift in Sources */,
				C394ABC6291EA4DF00A16BB6 /* SceneDelegate.swift in Sources */,
			);
			runOnlyForDeploymentPostprocessing = 0;
		};
		C394ABD2291EA4E000A16BB6 /* Sources */ = {
			isa = PBXSourcesBuildPhase;
			buildActionMask = 2147483647;
			files = (
				C394ABDB291EA4E000A16BB6 /* ElementQuizTests.swift in Sources */,
			);
			runOnlyForDeploymentPostprocessing = 0;
		};
		C394ABDC291EA4E000A16BB6 /* Sources */ = {
			isa = PBXSourcesBuildPhase;
			buildActionMask = 2147483647;
			files = (
				C394ABE7291EA4E000A16BB6 /* ElementQuizUITestsLaunchTests.swift in Sources */,
				C394ABE5291EA4E000A16BB6 /* ElementQuizUITests.swift in Sources */,
			);
			runOnlyForDeploymentPostprocessing = 0;
		};
/* End PBXSourcesBuildPhase section */

/* Begin PBXTargetDependency section */
		C394ABD8291EA4E000A16BB6 /* PBXTargetDependency */ = {
			isa = PBXTargetDependency;
			target = C394ABBF291EA4DF00A16BB6 /* ElementQuiz */;
			targetProxy = C394ABD7291EA4E000A16BB6 /* PBXContainerItemProxy */;
		};
		C394ABE2291EA4E000A16BB6 /* PBXTargetDependency */ = {
			isa = PBXTargetDependency;
			target = C394ABBF291EA4DF00A16BB6 /* ElementQuiz */;
			targetProxy = C394ABE1291EA4E000A16BB6 /* PBXContainerItemProxy */;
		};
/* End PBXTargetDependency section */

/* Begin PBXVariantGroup section */
		C394ABC9291EA4DF00A16BB6 /* Main.storyboard */ = {
			isa = PBXVariantGroup;
			children = (
				C394ABCA291EA4DF00A16BB6 /* Base */,
			);
			name = Main.storyboard;
			sourceTree = "<group>";
		};
		C394ABCE291EA4E000A16BB6 /* LaunchScreen.storyboard */ = {
			isa = PBXVariantGroup;
			children = (
				C394ABCF291EA4E000A16BB6 /* Base */,
			);
			name = LaunchScreen.storyboard;
			sourceTree = "<group>";
		};
/* End PBXVariantGroup section */

/* Begin XCBuildConfiguration section */
		C394ABE8291EA4E000A16BB6 /* Debug */ = {
			isa = XCBuildConfiguration;
			buildSettings = {
				ALWAYS_SEARCH_USER_PATHS = NO;
				CLANG_ANALYZER_NONNULL = YES;
				CLANG_ANALYZER_NUMBER_OBJECT_CONVERSION = YES_AGGRESSIVE;
				CLANG_CXX_LANGUAGE_STANDARD = "gnu++20";
				CLANG_ENABLE_MODULES = YES;
				CLANG_ENABLE_OBJC_ARC = YES;
				CLANG_ENABLE_OBJC_WEAK = YES;
				CLANG_WARN_BLOCK_CAPTURE_AUTORELEASING = YES;
				CLANG_WARN_BOOL_CONVERSION = YES;
				CLANG_WARN_COMMA = YES;
				CLANG_WARN_CONSTANT_CONVERSION = YES;
				CLANG_WARN_DEPRECATED_OBJC_IMPLEMENTATIONS = YES;
				CLANG_WARN_DIRECT_OBJC_ISA_USAGE = YES_ERROR;
				CLANG_WARN_DOCUMENTATION_COMMENTS = YES;
				CLANG_WARN_EMPTY_BODY = YES;
				CLANG_WARN_ENUM_CONVERSION = YES;
				CLANG_WARN_INFINITE_RECURSION = YES;
				CLANG_WARN_INT_CONVERSION = YES;
				CLANG_WARN_NON_LITERAL_NULL_CONVERSION = YES;
				CLANG_WARN_OBJC_IMPLICIT_RETAIN_SELF = YES;
				CLANG_WARN_OBJC_LITERAL_CONVERSION = YES;
				CLANG_WARN_OBJC_ROOT_CLASS = YES_ERROR;
				CLANG_WARN_QUOTED_INCLUDE_IN_FRAMEWORK_HEADER = YES;
				CLANG_WARN_RANGE_LOOP_ANALYSIS = YES;
				CLANG_WARN_STRICT_PROTOTYPES = YES;
				CLANG_WARN_SUSPICIOUS_MOVE = YES;
				CLANG_WARN_UNGUARDED_AVAILABILITY = YES_AGGRESSIVE;
				CLANG_WARN_UNREACHABLE_CODE = YES;
				CLANG_WARN__DUPLICATE_METHOD_MATCH = YES;
				COPY_PHASE_STRIP = NO;
				DEBUG_INFORMATION_FORMAT = dwarf;
				ENABLE_STRICT_OBJC_MSGSEND = YES;
				ENABLE_TESTABILITY = YES;
				GCC_C_LANGUAGE_STANDARD = gnu11;
				GCC_DYNAMIC_NO_PIC = NO;
				GCC_NO_COMMON_BLOCKS = YES;
				GCC_OPTIMIZATION_LEVEL = 0;
				GCC_PREPROCESSOR_DEFINITIONS = (
					"DEBUG=1",
					"$(inherited)",
				);
				GCC_WARN_64_TO_32_BIT_CONVERSION = YES;
				GCC_WARN_ABOUT_RETURN_TYPE = YES_ERROR;
				GCC_WARN_UNDECLARED_SELECTOR = YES;
				GCC_WARN_UNINITIALIZED_AUTOS = YES_AGGRESSIVE;
				GCC_WARN_UNUSED_FUNCTION = YES;
				GCC_WARN_UNUSED_VARIABLE = YES;
				IPHONEOS_DEPLOYMENT_TARGET = 16.1;
				MTL_ENABLE_DEBUG_INFO = INCLUDE_SOURCE;
				MTL_FAST_MATH = YES;
				ONLY_ACTIVE_ARCH = YES;
				SDKROOT = iphoneos;
				SWIFT_ACTIVE_COMPILATION_CONDITIONS = DEBUG;
				SWIFT_OPTIMIZATION_LEVEL = "-Onone";
			};
			name = Debug;
		};
		C394ABE9291EA4E000A16BB6 /* Release */ = {
			isa = XCBuildConfiguration;
			buildSettings = {
				ALWAYS_SEARCH_USER_PATHS = NO;
				CLANG_ANALYZER_NONNULL = YES;
				CLANG_ANALYZER_NUMBER_OBJECT_CONVERSION = YES_AGGRESSIVE;
				CLANG_CXX_LANGUAGE_STANDARD = "gnu++20";
				CLANG_ENABLE_MODULES = YES;
				CLANG_ENABLE_OBJC_ARC = YES;
				CLANG_ENABLE_OBJC_WEAK = YES;
				CLANG_WARN_BLOCK_CAPTURE_AUTORELEASING = YES;
				CLANG_WARN_BOOL_CONVERSION = YES;
				CLANG_WARN_COMMA = YES;
				CLANG_WARN_CONSTANT_CONVERSION = YES;
				CLANG_WARN_DEPRECATED_OBJC_IMPLEMENTATIONS = YES;
				CLANG_WARN_DIRECT_OBJC_ISA_USAGE = YES_ERROR;
				CLANG_WARN_DOCUMENTATION_COMMENTS = YES;
				CLANG_WARN_EMPTY_BODY = YES;
				CLANG_WARN_ENUM_CONVERSION = YES;
				CLANG_WARN_INFINITE_RECURSION = YES;
				CLANG_WARN_INT_CONVERSION = YES;
				CLANG_WARN_NON_LITERAL_NULL_CONVERSION = YES;
				CLANG_WARN_OBJC_IMPLICIT_RETAIN_SELF = YES;
				CLANG_WARN_OBJC_LITERAL_CONVERSION = YES;
				CLANG_WARN_OBJC_ROOT_CLASS = YES_ERROR;
				CLANG_WARN_QUOTED_INCLUDE_IN_FRAMEWORK_HEADER = YES;
				CLANG_WARN_RANGE_LOOP_ANALYSIS = YES;
				CLANG_WARN_STRICT_PROTOTYPES = YES;
				CLANG_WARN_SUSPICIOUS_MOVE = YES;
				CLANG_WARN_UNGUARDED_AVAILABILITY = YES_AGGRESSIVE;
				CLANG_WARN_UNREACHABLE_CODE = YES;
				CLANG_WARN__DUPLICATE_METHOD_MATCH = YES;
				COPY_PHASE_STRIP = NO;
				DEBUG_INFORMATION_FORMAT = "dwarf-with-dsym";
				ENABLE_NS_ASSERTIONS = NO;
				ENABLE_STRICT_OBJC_MSGSEND = YES;
				GCC_C_LANGUAGE_STANDARD = gnu11;
				GCC_NO_COMMON_BLOCKS = YES;
				GCC_WARN_64_TO_32_BIT_CONVERSION = YES;
				GCC_WARN_ABOUT_RETURN_TYPE = YES_ERROR;
				GCC_WARN_UNDECLARED_SELECTOR = YES;
				GCC_WARN_UNINITIALIZED_AUTOS = YES_AGGRESSIVE;
				GCC_WARN_UNUSED_FUNCTION = YES;
				GCC_WARN_UNUSED_VARIABLE = YES;
				IPHONEOS_DEPLOYMENT_TARGET = 16.1;
				MTL_ENABLE_DEBUG_INFO = NO;
				MTL_FAST_MATH = YES;
				SDKROOT = iphoneos;
				SWIFT_COMPILATION_MODE = wholemodule;
				SWIFT_OPTIMIZATION_LEVEL = "-O";
				VALIDATE_PRODUCT = YES;
			};
			name = Release;
		};
		C394ABEB291EA4E000A16BB6 /* Debug */ = {
			isa = XCBuildConfiguration;
			buildSettings = {
				ASSETCATALOG_COMPILER_APPICON_NAME = AppIcon;
				ASSETCATALOG_COMPILER_GLOBAL_ACCENT_COLOR_NAME = AccentColor;
				CODE_SIGN_STYLE = Automatic;
				CURRENT_PROJECT_VERSION = 1;
				GENERATE_INFOPLIST_FILE = YES;
				INFOPLIST_FILE = ElementQuiz/Info.plist;
				INFOPLIST_KEY_UIApplicationSupportsIndirectInputEvents = YES;
				INFOPLIST_KEY_UILaunchStoryboardName = LaunchScreen;
				INFOPLIST_KEY_UIMainStoryboardFile = Main;
				INFOPLIST_KEY_UISupportedInterfaceOrientations_iPad = "UIInterfaceOrientationPortrait UIInterfaceOrientationPortraitUpsideDown UIInterfaceOrientationLandscapeLeft UIInterfaceOrientationLandscapeRight";
				INFOPLIST_KEY_UISupportedInterfaceOrientations_iPhone = "UIInterfaceOrientationPortrait UIInterfaceOrientationLandscapeLeft UIInterfaceOrientationLandscapeRight";
				LD_RUNPATH_SEARCH_PATHS = (
					"$(inherited)",
					"@executable_path/Frameworks",
				);
				MARKETING_VERSION = 1.0;
				PRODUCT_BUNDLE_IDENTIFIER = org.groton.ElementQuiz;
				PRODUCT_NAME = "$(TARGET_NAME)";
				SWIFT_EMIT_LOC_STRINGS = YES;
				SWIFT_VERSION = 5.0;
				TARGETED_DEVICE_FAMILY = "1,2";
			};
			name = Debug;
		};
		C394ABEC291EA4E000A16BB6 /* Release */ = {
			isa = XCBuildConfiguration;
			buildSettings = {
				ASSETCATALOG_COMPILER_APPICON_NAME = AppIcon;
				ASSETCATALOG_COMPILER_GLOBAL_ACCENT_COLOR_NAME = AccentColor;
				CODE_SIGN_STYLE = Automatic;
				CURRENT_PROJECT_VERSION = 1;
				GENERATE_INFOPLIST_FILE = YES;
				INFOPLIST_FILE = ElementQuiz/Info.plist;
				INFOPLIST_KEY_UIApplicationSupportsIndirectInputEvents = YES;
				INFOPLIST_KEY_UILaunchStoryboardName = LaunchScreen;
				INFOPLIST_KEY_UIMainStoryboardFile = Main;
				INFOPLIST_KEY_UISupportedInterfaceOrientations_iPad = "UIInterfaceOrientationPortrait UIInterfaceOrientationPortraitUpsideDown UIInterfaceOrientationLandscapeLeft UIInterfaceOrientationLandscapeRight";
				INFOPLIST_KEY_UISupportedInterfaceOrientations_iPhone = "UIInterfaceOrientationPortrait UIInterfaceOrientationLandscapeLeft UIInterfaceOrientationLandscapeRight";
				LD_RUNPATH_SEARCH_PATHS = (
					"$(inherited)",
					"@executable_path/Frameworks",
				);
				MARKETING_VERSION = 1.0;
				PRODUCT_BUNDLE_IDENTIFIER = org.groton.ElementQuiz;
				PRODUCT_NAME = "$(TARGET_NAME)";
				SWIFT_EMIT_LOC_STRINGS = YES;
				SWIFT_VERSION = 5.0;
				TARGETED_DEVICE_FAMILY = "1,2";
			};
			name = Release;
		};
		C394ABEE291EA4E000A16BB6 /* Debug */ = {
			isa = XCBuildConfiguration;
			buildSettings = {
				ALWAYS_EMBED_SWIFT_STANDARD_LIBRARIES = YES;
				BUNDLE_LOADER = "$(TEST_HOST)";
				CODE_SIGN_STYLE = Automatic;
				CURRENT_PROJECT_VERSION = 1;
				GENERATE_INFOPLIST_FILE = YES;
				IPHONEOS_DEPLOYMENT_TARGET = 16.1;
				MARKETING_VERSION = 1.0;
				PRODUCT_BUNDLE_IDENTIFIER = org.groton.ElementQuizTests;
				PRODUCT_NAME = "$(TARGET_NAME)";
				SWIFT_EMIT_LOC_STRINGS = NO;
				SWIFT_VERSION = 5.0;
				TARGETED_DEVICE_FAMILY = "1,2";
				TEST_HOST = "$(BUILT_PRODUCTS_DIR)/ElementQuiz.app/$(BUNDLE_EXECUTABLE_FOLDER_PATH)/ElementQuiz";
			};
			name = Debug;
		};
		C394ABEF291EA4E000A16BB6 /* Release */ = {
			isa = XCBuildConfiguration;
			buildSettings = {
				ALWAYS_EMBED_SWIFT_STANDARD_LIBRARIES = YES;
				BUNDLE_LOADER = "$(TEST_HOST)";
				CODE_SIGN_STYLE = Automatic;
				CURRENT_PROJECT_VERSION = 1;
				GENERATE_INFOPLIST_FILE = YES;
				IPHONEOS_DEPLOYMENT_TARGET = 16.1;
				MARKETING_VERSION = 1.0;
				PRODUCT_BUNDLE_IDENTIFIER = org.groton.ElementQuizTests;
				PRODUCT_NAME = "$(TARGET_NAME)";
				SWIFT_EMIT_LOC_STRINGS = NO;
				SWIFT_VERSION = 5.0;
				TARGETED_DEVICE_FAMILY = "1,2";
				TEST_HOST = "$(BUILT_PRODUCTS_DIR)/ElementQuiz.app/$(BUNDLE_EXECUTABLE_FOLDER_PATH)/ElementQuiz";
			};
			name = Release;
		};
		C394ABF1291EA4E000A16BB6 /* Debug */ = {
			isa = XCBuildConfiguration;
			buildSettings = {
				ALWAYS_EMBED_SWIFT_STANDARD_LIBRARIES = YES;
				CODE_SIGN_STYLE = Automatic;
				CURRENT_PROJECT_VERSION = 1;
				GENERATE_INFOPLIST_FILE = YES;
				MARKETING_VERSION = 1.0;
				PRODUCT_BUNDLE_IDENTIFIER = org.groton.ElementQuizUITests;
				PRODUCT_NAME = "$(TARGET_NAME)";
				SWIFT_EMIT_LOC_STRINGS = NO;
				SWIFT_VERSION = 5.0;
				TARGETED_DEVICE_FAMILY = "1,2";
				TEST_TARGET_NAME = ElementQuiz;
			};
			name = Debug;
		};
		C394ABF2291EA4E000A16BB6 /* Release */ = {
			isa = XCBuildConfiguration;
			buildSettings = {
				ALWAYS_EMBED_SWIFT_STANDARD_LIBRARIES = YES;
				CODE_SIGN_STYLE = Automatic;
				CURRENT_PROJECT_VERSION = 1;
				GENERATE_INFOPLIST_FILE = YES;
				MARKETING_VERSION = 1.0;
				PRODUCT_BUNDLE_IDENTIFIER = org.groton.ElementQuizUITests;
				PRODUCT_NAME = "$(TARGET_NAME)";
				SWIFT_EMIT_LOC_STRINGS = NO;
				SWIFT_VERSION = 5.0;
				TARGETED_DEVICE_FAMILY = "1,2";
				TEST_TARGET_NAME = ElementQuiz;
			};
			name = Release;
		};
/* End XCBuildConfiguration section */

/* Begin XCConfigurationList section */
		C394ABBB291EA4DF00A16BB6 /* Build configuration list for PBXProject "ElementQuiz" */ = {
			isa = XCConfigurationList;
			buildConfigurations = (
				C394ABE8291EA4E000A16BB6 /* Debug */,
				C394ABE9291EA4E000A16BB6 /* Release */,
			);
			defaultConfigurationIsVisible = 0;
			defaultConfigurationName = Release;
		};
		C394ABEA291EA4E000A16BB6 /* Build configuration list for PBXNativeTarget "ElementQuiz" */ = {
			isa = XCConfigurationList;
			buildConfigurations = (
				C394ABEB291EA4E000A16BB6 /* Debug */,
				C394ABEC291EA4E000A16BB6 /* Release */,
			);
			defaultConfigurationIsVisible = 0;
			defaultConfigurationName = Release;
		};
		C394ABED291EA4E000A16BB6 /* Build configuration list for PBXNativeTarget "ElementQuizTests" */ = {
			isa = XCConfigurationList;
			buildConfigurations = (
				C394ABEE291EA4E000A16BB6 /* Debug */,
				C394ABEF291EA4E000A16BB6 /* Release */,
			);
			defaultConfigurationIsVisible = 0;
			defaultConfigurationName = Release;
		};
		C394ABF0291EA4E000A16BB6 /* Build configuration list for PBXNativeTarget "ElementQuizUITests" */ = {
			isa = XCConfigurationList;
			buildConfigurations = (
				C394ABF1291EA4E000A16BB6 /* Debug */,
				C394ABF2291EA4E000A16BB6 /* Release */,
			);
			defaultConfigurationIsVisible = 0;
			defaultConfigurationName = Release;
		};
/* End XCConfigurationList section */
	};
	rootObject = C394ABB8291EA4DF00A16BB6 /* Project object */;
}
